
Microsoft Visual Studio Solution File, Format Version 12.00
# Visual Studio Version 17
VisualStudioVersion = 17.9.34728.123
MinimumVisualStudioVersion = 10.0.40219.1
Project("{FAE04EC0-301F-11D3-BF4B-00C04F79EFBC}") = "PrimeiroProjeto", "PrimeiroProjeto\PrimeiroProjeto.csproj", "{9C2FD5E1-935A-4DB1-8D79-74C9EB14503B}"
EndProject
Global
	GlobalSection(SolutionConfigurationPlatforms) = preSolution
		Debug|Any CPU = Debug|Any CPU
		Release|Any CPU = Release|Any CPU
	EndGlobalSection
	GlobalSection(ProjectConfigurationPlatforms) = postSolution
		{9C2FD5E1-935A-4DB1-8D79-74C9EB14503B}.Debug|Any CPU.ActiveCfg = Debug|Any CPU
		{9C2FD5E1-935A-4DB1-8D79-74C9EB14503B}.Debug|Any CPU.Build.0 = Debug|Any CPU
		{9C2FD5E1-935A-4DB1-8D79-74C9EB14503B}.Release|Any CPU.ActiveCfg = Release|Any CPU
		{9C2FD5E1-935A-4DB1-8D79-74C9EB14503B}.Release|Any CPU.Build.0 = Release|Any CPU
	EndGlobalSection
	GlobalSection(SolutionProperties) = preSolution
		HideSolutionNode = FALSE
	EndGlobalSection
	GlobalSection(ExtensibilityGlobals) = postSolution
		SolutionGuid = {DF905747-30D7-4A11-964E-4BBA2DB9DE98}
	EndGlobalSection
EndGlobal
